
Microsoft Visual Studio Solution File, Format Version 12.00
# Visual Studio Version 17
VisualStudioVersion = 17.11.35303.130
MinimumVisualStudioVersion = 10.0.40219.1
Project("{9A19103F-16F7-4668-BE54-9A1E7A4F7556}") = "CsvManager", "CsvManager\CsvManager.csproj", "{5D1B6B76-47EA-4438-BFE1-3C3B1A5733FC}"
EndProject
Project("{FAE04EC0-301F-11D3-BF4B-00C04F79EFBC}") = "CsvManager.Tests", "CsvManager.Tests\CsvManager.Tests.csproj", "{AAD085D3-DA21-439D-95E1-41E52E2649C3}"
EndProject
Global
	GlobalSection(SolutionConfigurationPlatforms) = preSolution
		Debug|Any CPU = Debug|Any CPU
		Release|Any CPU = Release|Any CPU
	EndGlobalSection
	GlobalSection(ProjectConfigurationPlatforms) = postSolution
		{5D1B6B76-47EA-4438-BFE1-3C3B1A5733FC}.Debug|Any CPU.ActiveCfg = Debug|Any CPU
		{5D1B6B76-47EA-4438-BFE1-3C3B1A5733FC}.Debug|Any CPU.Build.0 = Debug|Any CPU
		{5D1B6B76-47EA-4438-BFE1-3C3B1A5733FC}.Release|Any CPU.ActiveCfg = Release|Any CPU
		{5D1B6B76-47EA-4438-BFE1-3C3B1A5733FC}.Release|Any CPU.Build.0 = Release|Any CPU
		{AAD085D3-DA21-439D-95E1-41E52E2649C3}.Debug|Any CPU.ActiveCfg = Debug|Any CPU
		{AAD085D3-DA21-439D-95E1-41E52E2649C3}.Debug|Any CPU.Build.0 = Debug|Any CPU
		{AAD085D3-DA21-439D-95E1-41E52E2649C3}.Release|Any CPU.ActiveCfg = Release|Any CPU
		{AAD085D3-DA21-439D-95E1-41E52E2649C3}.Release|Any CPU.Build.0 = Release|Any CPU
	EndGlobalSection
	GlobalSection(SolutionProperties) = preSolution
		HideSolutionNode = FALSE
	EndGlobalSection
	GlobalSection(ExtensibilityGlobals) = postSolution
		SolutionGuid = {8AC84237-8159-4782-BFAE-DCFF45FC1764}
	EndGlobalSection
EndGlobal
